// !$*UTF8*$!
{
	archiveVersion = 1;
	classes = {
	};
	objectVersion = 50;
	objects = {

/* Begin PBXBuildFile section */
		F3281F1423CEBF53008498FC /* YPReachability.h in Headers */ = {isa = PBXBuildFile; fileRef = F3281F0A23CEBF53008498FC /* YPReachability.h */; settings = {ATTRIBUTES = (Public, ); }; };
		F3281F1523CEBF53008498FC /* YPNetworkUtil.m in Sources */ = {isa = PBXBuildFile; fileRef = F3281F0B23CEBF53008498FC /* YPNetworkUtil.m */; };
		F3281F1623CEBF53008498FC /* YPNetworkSession.h in Headers */ = {isa = PBXBuildFile; fileRef = F3281F0C23CEBF53008498FC /* YPNetworkSession.h */; settings = {ATTRIBUTES = (Public, ); }; };
		F3281F1723CEBF53008498FC /* YPNetworkEngine.m in Sources */ = {isa = PBXBuildFile; fileRef = F3281F0D23CEBF53008498FC /* YPNetworkEngine.m */; };
		F3281F1823CEBF53008498FC /* YPNetworkOperation.m in Sources */ = {isa = PBXBuildFile; fileRef = F3281F0E23CEBF53008498FC /* YPNetworkOperation.m */; };
		F3281F1923CEBF53008498FC /* YPReachability.m in Sources */ = {isa = PBXBuildFile; fileRef = F3281F0F23CEBF53008498FC /* YPReachability.m */; };
		F3281F1A23CEBF53008498FC /* YPNetworkOperation.h in Headers */ = {isa = PBXBuildFile; fileRef = F3281F1023CEBF53008498FC /* YPNetworkOperation.h */; };
		F3281F1B23CEBF53008498FC /* YPNetworkEngine.h in Headers */ = {isa = PBXBuildFile; fileRef = F3281F1123CEBF53008498FC /* YPNetworkEngine.h */; settings = {ATTRIBUTES = (Public, ); }; };
		F3281F1C23CEBF53008498FC /* YPNetworkSession.m in Sources */ = {isa = PBXBuildFile; fileRef = F3281F1223CEBF53008498FC /* YPNetworkSession.m */; };
		F3281F1D23CEBF53008498FC /* YPNetworkUtil.h in Headers */ = {isa = PBXBuildFile; fileRef = F3281F1323CEBF53008498FC /* YPNetworkUtil.h */; settings = {ATTRIBUTES = (Public, ); }; };
		F3281F2123CEC08C008498FC /* YPJsonEngine.h in Headers */ = {isa = PBXBuildFile; fileRef = F3281F1F23CEC08C008498FC /* YPJsonEngine.h */; settings = {ATTRIBUTES = (Public, ); }; };
		F3281F2223CEC08C008498FC /* YPJsonEngine.m in Sources */ = {isa = PBXBuildFile; fileRef = F3281F2023CEC08C008498FC /* YPJsonEngine.m */; };
		F3281F2623CEC4BE008498FC /* YPDeviceInfoUtil.h in Headers */ = {isa = PBXBuildFile; fileRef = F3281F2423CEC4BE008498FC /* YPDeviceInfoUtil.h */; settings = {ATTRIBUTES = (Public, ); }; };
		F3281F2723CEC4BE008498FC /* YPDeviceInfoUtil.m in Sources */ = {isa = PBXBuildFile; fileRef = F3281F2523CEC4BE008498FC /* YPDeviceInfoUtil.m */; };
		F3281F2B23CEEB85008498FC /* YPUIHelper.h in Headers */ = {isa = PBXBuildFile; fileRef = F3281F2923CEEB85008498FC /* YPUIHelper.h */; };
		F3281F2C23CEEB85008498FC /* YPUIHelper.m in Sources */ = {isa = PBXBuildFile; fileRef = F3281F2A23CEEB85008498FC /* YPUIHelper.m */; };
		F3281F3023CEF7D5008498FC /* YPKeychainStoreUtil.h in Headers */ = {isa = PBXBuildFile; fileRef = F3281F2E23CEF7D5008498FC /* YPKeychainStoreUtil.h */; };
		F3281F3123CEF7D5008498FC /* YPKeychainStoreUtil.m in Sources */ = {isa = PBXBuildFile; fileRef = F3281F2F23CEF7D5008498FC /* YPKeychainStoreUtil.m */; settings = {COMPILER_FLAGS = "-fno-objc-arc"; }; };
		F3281F3423CEF997008498FC /* YPTypeFormatUtil.h in Headers */ = {isa = PBXBuildFile; fileRef = F3281F3223CEF997008498FC /* YPTypeFormatUtil.h */; };
		F3281F3523CEF997008498FC /* YPTypeFormatUtil.m in Sources */ = {isa = PBXBuildFile; fileRef = F3281F3323CEF997008498FC /* YPTypeFormatUtil.m */; };
		F3281F3823CEFBE8008498FC /* NSString+extension.m in Sources */ = {isa = PBXBuildFile; fileRef = F3281F3623CEFBE8008498FC /* NSString+extension.m */; };
		F3281F3923CEFBE8008498FC /* NSString+extension.h in Headers */ = {isa = PBXBuildFile; fileRef = F3281F3723CEFBE8008498FC /* NSString+extension.h */; };
		F3281F3C23CEFCCE008498FC /* YPToast.h in Headers */ = {isa = PBXBuildFile; fileRef = F3281F3A23CEFCCE008498FC /* YPToast.h */; };
		F3281F3D23CEFCCE008498FC /* YPToast.m in Sources */ = {isa = PBXBuildFile; fileRef = F3281F3B23CEFCCE008498FC /* YPToast.m */; };
		F3281F4523CF023A008498FC /* LXDBacktraceLogger.m in Sources */ = {isa = PBXBuildFile; fileRef = F3281F4123CF023A008498FC /* LXDBacktraceLogger.m */; };
		F3281F4623CF023A008498FC /* LXDBacktraceLogger.h in Headers */ = {isa = PBXBuildFile; fileRef = F3281F4223CF023A008498FC /* LXDBacktraceLogger.h */; };
		F3281F4723CF023A008498FC /* LXDAppFluecyMonitor.h in Headers */ = {isa = PBXBuildFile; fileRef = F3281F4323CF023A008498FC /* LXDAppFluecyMonitor.h */; };
		F3281F4823CF023A008498FC /* LXDAppFluecyMonitor.m in Sources */ = {isa = PBXBuildFile; fileRef = F3281F4423CF023A008498FC /* LXDAppFluecyMonitor.m */; };
		F3281F8323CF02A0008498FC /* FBAssociationManager.h in Headers */ = {isa = PBXBuildFile; fileRef = F3281F4B23CF02A0008498FC /* FBAssociationManager.h */; };
		F3281F8423CF02A0008498FC /* FBAssociationManager+Internal.h in Headers */ = {isa = PBXBuildFile; fileRef = F3281F4D23CF02A0008498FC /* FBAssociationManager+Internal.h */; };
		F3281F8523CF02A0008498FC /* FBAssociationManager.mm in Sources */ = {isa = PBXBuildFile; fileRef = F3281F4E23CF02A0008498FC /* FBAssociationManager.mm */; settings = {COMPILER_FLAGS = "-fno-objc-arc"; }; };
		F3281F8623CF02A0008498FC /* FBRetainCycleDetector-Info.plist in Resources */ = {isa = PBXBuildFile; fileRef = F3281F4F23CF02A0008498FC /* FBRetainCycleDetector-Info.plist */; };
		F3281F8723CF02A0008498FC /* FBStandardGraphEdgeFilters.mm in Sources */ = {isa = PBXBuildFile; fileRef = F3281F5123CF02A0008498FC /* FBStandardGraphEdgeFilters.mm */; };
		F3281F8823CF02A0008498FC /* FBStandardGraphEdgeFilters.h in Headers */ = {isa = PBXBuildFile; fileRef = F3281F5223CF02A0008498FC /* FBStandardGraphEdgeFilters.h */; };
		F3281F8923CF02A0008498FC /* FBBlockStrongLayout.h in Headers */ = {isa = PBXBuildFile; fileRef = F3281F5523CF02A0008498FC /* FBBlockStrongLayout.h */; };
		F3281F8A23CF02A0008498FC /* FBBlockStrongRelationDetector.m in Sources */ = {isa = PBXBuildFile; fileRef = F3281F5623CF02A0008498FC /* FBBlockStrongRelationDetector.m */; settings = {COMPILER_FLAGS = "-fno-objc-arc"; }; };
		F3281F8B23CF02A0008498FC /* Circle-LICENSE in Resources */ = {isa = PBXBuildFile; fileRef = F3281F5723CF02A0008498FC /* Circle-LICENSE */; };
		F3281F8C23CF02A0008498FC /* FBBlockStrongRelationDetector.h in Headers */ = {isa = PBXBuildFile; fileRef = F3281F5823CF02A0008498FC /* FBBlockStrongRelationDetector.h */; };
		F3281F8D23CF02A0008498FC /* FBBlockStrongLayout.m in Sources */ = {isa = PBXBuildFile; fileRef = F3281F5923CF02A0008498FC /* FBBlockStrongLayout.m */; settings = {COMPILER_FLAGS = "-fno-objc-arc"; }; };
		F3281F8E23CF02A0008498FC /* FBBlockInterface.h in Headers */ = {isa = PBXBuildFile; fileRef = F3281F5A23CF02A0008498FC /* FBBlockInterface.h */; };
		F3281F8F23CF02A0008498FC /* FBClassStrongLayoutHelpers.h in Headers */ = {isa = PBXBuildFile; fileRef = F3281F5C23CF02A0008498FC /* FBClassStrongLayoutHelpers.h */; };
		F3281F9023CF02A0008498FC /* Type.h in Headers */ = {isa = PBXBuildFile; fileRef = F3281F5E23CF02A0008498FC /* Type.h */; };
		F3281F9123CF02A0008498FC /* Struct.mm in Sources */ = {isa = PBXBuildFile; fileRef = F3281F5F23CF02A0008498FC /* Struct.mm */; };
		F3281F9223CF02A0008498FC /* FBStructEncodingParser.h in Headers */ = {isa = PBXBuildFile; fileRef = F3281F6023CF02A0008498FC /* FBStructEncodingParser.h */; };
		F3281F9323CF02A0008498FC /* Struct.h in Headers */ = {isa = PBXBuildFile; fileRef = F3281F6123CF02A0008498FC /* Struct.h */; };
		F3281F9423CF02A0008498FC /* FBStructEncodingParser.mm in Sources */ = {isa = PBXBuildFile; fileRef = F3281F6223CF02A0008498FC /* FBStructEncodingParser.mm */; };
		F3281F9523CF02A0008498FC /* BaseType.h in Headers */ = {isa = PBXBuildFile; fileRef = F3281F6323CF02A0008498FC /* BaseType.h */; };
		F3281F9623CF02A0008498FC /* FBClassStrongLayout.mm in Sources */ = {isa = PBXBuildFile; fileRef = F3281F6423CF02A0008498FC /* FBClassStrongLayout.mm */; };
		F3281F9723CF02A0008498FC /* FBClassStrongLayout.h in Headers */ = {isa = PBXBuildFile; fileRef = F3281F6523CF02A0008498FC /* FBClassStrongLayout.h */; };
		F3281F9823CF02A0008498FC /* FBClassStrongLayoutHelpers.m in Sources */ = {isa = PBXBuildFile; fileRef = F3281F6623CF02A0008498FC /* FBClassStrongLayoutHelpers.m */; settings = {COMPILER_FLAGS = "-fno-objc-arc"; }; };
		F3281F9923CF02A0008498FC /* FBObjectInStructReference.m in Sources */ = {isa = PBXBuildFile; fileRef = F3281F6823CF02A0008498FC /* FBObjectInStructReference.m */; };
		F3281F9A23CF02A0008498FC /* FBIvarReference.h in Headers */ = {isa = PBXBuildFile; fileRef = F3281F6923CF02A0008498FC /* FBIvarReference.h */; };
		F3281F9B23CF02A0008498FC /* FBObjectInStructReference.h in Headers */ = {isa = PBXBuildFile; fileRef = F3281F6A23CF02A0008498FC /* FBObjectInStructReference.h */; };
		F3281F9C23CF02A0008498FC /* FBObjectReference.h in Headers */ = {isa = PBXBuildFile; fileRef = F3281F6B23CF02A0008498FC /* FBObjectReference.h */; };
		F3281F9D23CF02A0008498FC /* FBIvarReference.m in Sources */ = {isa = PBXBuildFile; fileRef = F3281F6C23CF02A0008498FC /* FBIvarReference.m */; };
		F3281F9E23CF02A0008498FC /* FBObjectiveCBlock.h in Headers */ = {isa = PBXBuildFile; fileRef = F3281F6E23CF02A0008498FC /* FBObjectiveCBlock.h */; };
		F3281F9F23CF02A0008498FC /* FBObjectiveCNSCFTimer.h in Headers */ = {isa = PBXBuildFile; fileRef = F3281F7023CF02A0008498FC /* FBObjectiveCNSCFTimer.h */; };
		F3281FA023CF02A0008498FC /* FBObjectiveCNSCFTimer.mm in Sources */ = {isa = PBXBuildFile; fileRef = F3281F7123CF02A0008498FC /* FBObjectiveCNSCFTimer.mm */; };
		F3281FA123CF02A0008498FC /* FBObjectGraphConfiguration.h in Headers */ = {isa = PBXBuildFile; fileRef = F3281F7223CF02A0008498FC /* FBObjectGraphConfiguration.h */; };
		F3281FA223CF02A0008498FC /* FBObjectiveCObject.h in Headers */ = {isa = PBXBuildFile; fileRef = F3281F7323CF02A0008498FC /* FBObjectiveCObject.h */; };
		F3281FA323CF02A0008498FC /* FBObjectiveCGraphElement.mm in Sources */ = {isa = PBXBuildFile; fileRef = F3281F7423CF02A0008498FC /* FBObjectiveCGraphElement.mm */; };
		F3281FA423CF02A0008498FC /* FBObjectiveCGraphElement+Internal.h in Headers */ = {isa = PBXBuildFile; fileRef = F3281F7623CF02A0008498FC /* FBObjectiveCGraphElement+Internal.h */; };
		F3281FA523CF02A0008498FC /* FBObjectGraphConfiguration.m in Sources */ = {isa = PBXBuildFile; fileRef = F3281F7723CF02A0008498FC /* FBObjectGraphConfiguration.m */; };
		F3281FA623CF02A0008498FC /* FBObjectiveCBlock.m in Sources */ = {isa = PBXBuildFile; fileRef = F3281F7823CF02A0008498FC /* FBObjectiveCBlock.m */; };
		F3281FA723CF02A0008498FC /* FBObjectiveCObject.m in Sources */ = {isa = PBXBuildFile; fileRef = F3281F7923CF02A0008498FC /* FBObjectiveCObject.m */; };
		F3281FA823CF02A0008498FC /* FBObjectiveCGraphElement.h in Headers */ = {isa = PBXBuildFile; fileRef = F3281F7A23CF02A0008498FC /* FBObjectiveCGraphElement.h */; };
		F3281FA923CF02A0008498FC /* FBRetainCycleUtils.h in Headers */ = {isa = PBXBuildFile; fileRef = F3281F7B23CF02A0008498FC /* FBRetainCycleUtils.h */; };
		F3281FAA23CF02A0008498FC /* FBRetainCycleDetector.h in Headers */ = {isa = PBXBuildFile; fileRef = F3281F7D23CF02A0008498FC /* FBRetainCycleDetector.h */; };
		F3281FAB23CF02A0008498FC /* FBNodeEnumerator.mm in Sources */ = {isa = PBXBuildFile; fileRef = F3281F7E23CF02A0008498FC /* FBNodeEnumerator.mm */; };
		F3281FAC23CF02A0008498FC /* FBNodeEnumerator.h in Headers */ = {isa = PBXBuildFile; fileRef = F3281F7F23CF02A0008498FC /* FBNodeEnumerator.h */; };
		F3281FAD23CF02A0008498FC /* FBRetainCycleDetector.mm in Sources */ = {isa = PBXBuildFile; fileRef = F3281F8023CF02A0008498FC /* FBRetainCycleDetector.mm */; };
		F3281FAE23CF02A0008498FC /* FBRetainCycleDetector+Internal.h in Headers */ = {isa = PBXBuildFile; fileRef = F3281F8123CF02A0008498FC /* FBRetainCycleDetector+Internal.h */; };
		F3281FAF23CF02A0008498FC /* FBRetainCycleUtils.m in Sources */ = {isa = PBXBuildFile; fileRef = F3281F8223CF02A0008498FC /* FBRetainCycleUtils.m */; };
		F3281FB523CF0432008498FC /* rcd_fishhook.c in Sources */ = {isa = PBXBuildFile; fileRef = F3281FB123CF0432008498FC /* rcd_fishhook.c */; };
		F3281FB623CF0432008498FC /* LICENSE in Resources */ = {isa = PBXBuildFile; fileRef = F3281FB223CF0432008498FC /* LICENSE */; };
		F3281FB723CF0432008498FC /* README.md in Resources */ = {isa = PBXBuildFile; fileRef = F3281FB323CF0432008498FC /* README.md */; };
		F3281FB823CF0432008498FC /* rcd_fishhook.h in Headers */ = {isa = PBXBuildFile; fileRef = F3281FB423CF0432008498FC /* rcd_fishhook.h */; };
		F336217F23C7474B0055F7E3 /* YPItools.framework in Frameworks */ = {isa = PBXBuildFile; fileRef = F336217523C7474B0055F7E3 /* YPItools.framework */; };
		F336218423C7474B0055F7E3 /* YPItoolsTests.m in Sources */ = {isa = PBXBuildFile; fileRef = F336218323C7474B0055F7E3 /* YPItoolsTests.m */; };
		F336218623C7474B0055F7E3 /* YPItools.h in Headers */ = {isa = PBXBuildFile; fileRef = F336217823C7474B0055F7E3 /* YPItools.h */; settings = {ATTRIBUTES = (Public, ); }; };
		F339703523C822050092295D /* Foundation.framework in Frameworks */ = {isa = PBXBuildFile; fileRef = F339703423C822050092295D /* Foundation.framework */; };
/* End PBXBuildFile section */

/* Begin PBXContainerItemProxy section */
		F336218023C7474B0055F7E3 /* PBXContainerItemProxy */ = {
			isa = PBXContainerItemProxy;
			containerPortal = F336216C23C7474B0055F7E3 /* Project object */;
			proxyType = 1;
			remoteGlobalIDString = F336217423C7474B0055F7E3;
			remoteInfo = YPItools;
		};
/* End PBXContainerItemProxy section */

/* Begin PBXFileReference section */
		F3281F0A23CEBF53008498FC /* YPReachability.h */ = {isa = PBXFileReference; fileEncoding = 4; lastKnownFileType = sourcecode.c.h; path = YPReachability.h; sourceTree = "<group>"; };
		F3281F0B23CEBF53008498FC /* YPNetworkUtil.m */ = {isa = PBXFileReference; fileEncoding = 4; lastKnownFileType = sourcecode.c.objc; path = YPNetworkUtil.m; sourceTree = "<group>"; };
		F3281F0C23CEBF53008498FC /* YPNetworkSession.h */ = {isa = PBXFileReference; fileEncoding = 4; lastKnownFileType = sourcecode.c.h; path = YPNetworkSession.h; sourceTree = "<group>"; };
		F3281F0D23CEBF53008498FC /* YPNetworkEngine.m */ = {isa = PBXFileReference; fileEncoding = 4; lastKnownFileType = sourcecode.c.objc; path = YPNetworkEngine.m; sourceTree = "<group>"; };
		F3281F0E23CEBF53008498FC /* YPNetworkOperation.m */ = {isa = PBXFileReference; fileEncoding = 4; lastKnownFileType = sourcecode.c.objc; path = YPNetworkOperation.m; sourceTree = "<group>"; };
		F3281F0F23CEBF53008498FC /* YPReachability.m */ = {isa = PBXFileReference; fileEncoding = 4; lastKnownFileType = sourcecode.c.objc; path = YPReachability.m; sourceTree = "<group>"; };
		F3281F1023CEBF53008498FC /* YPNetworkOperation.h */ = {isa = PBXFileReference; fileEncoding = 4; lastKnownFileType = sourcecode.c.h; path = YPNetworkOperation.h; sourceTree = "<group>"; };
		F3281F1123CEBF53008498FC /* YPNetworkEngine.h */ = {isa = PBXFileReference; fileEncoding = 4; lastKnownFileType = sourcecode.c.h; path = YPNetworkEngine.h; sourceTree = "<group>"; };
		F3281F1223CEBF53008498FC /* YPNetworkSession.m */ = {isa = PBXFileReference; fileEncoding = 4; lastKnownFileType = sourcecode.c.objc; path = YPNetworkSession.m; sourceTree = "<group>"; };
		F3281F1323CEBF53008498FC /* YPNetworkUtil.h */ = {isa = PBXFileReference; fileEncoding = 4; lastKnownFileType = sourcecode.c.h; path = YPNetworkUtil.h; sourceTree = "<group>"; };
		F3281F1F23CEC08C008498FC /* YPJsonEngine.h */ = {isa = PBXFileReference; lastKnownFileType = sourcecode.c.h; path = YPJsonEngine.h; sourceTree = "<group>"; };
		F3281F2023CEC08C008498FC /* YPJsonEngine.m */ = {isa = PBXFileReference; lastKnownFileType = sourcecode.c.objc; path = YPJsonEngine.m; sourceTree = "<group>"; };
		F3281F2423CEC4BE008498FC /* YPDeviceInfoUtil.h */ = {isa = PBXFileReference; lastKnownFileType = sourcecode.c.h; path = YPDeviceInfoUtil.h; sourceTree = "<group>"; };
		F3281F2523CEC4BE008498FC /* YPDeviceInfoUtil.m */ = {isa = PBXFileReference; lastKnownFileType = sourcecode.c.objc; path = YPDeviceInfoUtil.m; sourceTree = "<group>"; };
		F3281F2923CEEB85008498FC /* YPUIHelper.h */ = {isa = PBXFileReference; lastKnownFileType = sourcecode.c.h; path = YPUIHelper.h; sourceTree = "<group>"; };
		F3281F2A23CEEB85008498FC /* YPUIHelper.m */ = {isa = PBXFileReference; lastKnownFileType = sourcecode.c.objc; path = YPUIHelper.m; sourceTree = "<group>"; };
		F3281F2E23CEF7D5008498FC /* YPKeychainStoreUtil.h */ = {isa = PBXFileReference; fileEncoding = 4; lastKnownFileType = sourcecode.c.h; path = YPKeychainStoreUtil.h; sourceTree = "<group>"; };
		F3281F2F23CEF7D5008498FC /* YPKeychainStoreUtil.m */ = {isa = PBXFileReference; fileEncoding = 4; lastKnownFileType = sourcecode.c.objc; path = YPKeychainStoreUtil.m; sourceTree = "<group>"; };
		F3281F3223CEF997008498FC /* YPTypeFormatUtil.h */ = {isa = PBXFileReference; lastKnownFileType = sourcecode.c.h; path = YPTypeFormatUtil.h; sourceTree = "<group>"; };
		F3281F3323CEF997008498FC /* YPTypeFormatUtil.m */ = {isa = PBXFileReference; lastKnownFileType = sourcecode.c.objc; path = YPTypeFormatUtil.m; sourceTree = "<group>"; };
		F3281F3623CEFBE8008498FC /* NSString+extension.m */ = {isa = PBXFileReference; fileEncoding = 4; lastKnownFileType = sourcecode.c.objc; path = "NSString+extension.m"; sourceTree = "<group>"; };
		F3281F3723CEFBE8008498FC /* NSString+extension.h */ = {isa = PBXFileReference; fileEncoding = 4; lastKnownFileType = sourcecode.c.h; path = "NSString+extension.h"; sourceTree = "<group>"; };
		F3281F3A23CEFCCE008498FC /* YPToast.h */ = {isa = PBXFileReference; lastKnownFileType = sourcecode.c.h; path = YPToast.h; sourceTree = "<group>"; };
		F3281F3B23CEFCCE008498FC /* YPToast.m */ = {isa = PBXFileReference; lastKnownFileType = sourcecode.c.objc; path = YPToast.m; sourceTree = "<group>"; };
		F3281F4123CF023A008498FC /* LXDBacktraceLogger.m */ = {isa = PBXFileReference; fileEncoding = 4; lastKnownFileType = sourcecode.c.objc; path = LXDBacktraceLogger.m; sourceTree = "<group>"; };
		F3281F4223CF023A008498FC /* LXDBacktraceLogger.h */ = {isa = PBXFileReference; fileEncoding = 4; lastKnownFileType = sourcecode.c.h; path = LXDBacktraceLogger.h; sourceTree = "<group>"; };
		F3281F4323CF023A008498FC /* LXDAppFluecyMonitor.h */ = {isa = PBXFileReference; fileEncoding = 4; lastKnownFileType = sourcecode.c.h; path = LXDAppFluecyMonitor.h; sourceTree = "<group>"; };
		F3281F4423CF023A008498FC /* LXDAppFluecyMonitor.m */ = {isa = PBXFileReference; fileEncoding = 4; lastKnownFileType = sourcecode.c.objc; path = LXDAppFluecyMonitor.m; sourceTree = "<group>"; };
		F3281F4B23CF02A0008498FC /* FBAssociationManager.h */ = {isa = PBXFileReference; fileEncoding = 4; lastKnownFileType = sourcecode.c.h; path = FBAssociationManager.h; sourceTree = "<group>"; };
		F3281F4D23CF02A0008498FC /* FBAssociationManager+Internal.h */ = {isa = PBXFileReference; fileEncoding = 4; lastKnownFileType = sourcecode.c.h; path = "FBAssociationManager+Internal.h"; sourceTree = "<group>"; };
		F3281F4E23CF02A0008498FC /* FBAssociationManager.mm */ = {isa = PBXFileReference; fileEncoding = 4; lastKnownFileType = sourcecode.cpp.objcpp; path = FBAssociationManager.mm; sourceTree = "<group>"; };
		F3281F4F23CF02A0008498FC /* FBRetainCycleDetector-Info.plist */ = {isa = PBXFileReference; fileEncoding = 4; lastKnownFileType = text.plist.xml; path = "FBRetainCycleDetector-Info.plist"; sourceTree = "<group>"; };
		F3281F5123CF02A0008498FC /* FBStandardGraphEdgeFilters.mm */ = {isa = PBXFileReference; fileEncoding = 4; lastKnownFileType = sourcecode.cpp.objcpp; path = FBStandardGraphEdgeFilters.mm; sourceTree = "<group>"; };
		F3281F5223CF02A0008498FC /* FBStandardGraphEdgeFilters.h */ = {isa = PBXFileReference; fileEncoding = 4; lastKnownFileType = sourcecode.c.h; path = FBStandardGraphEdgeFilters.h; sourceTree = "<group>"; };
		F3281F5523CF02A0008498FC /* FBBlockStrongLayout.h */ = {isa = PBXFileReference; fileEncoding = 4; lastKnownFileType = sourcecode.c.h; path = FBBlockStrongLayout.h; sourceTree = "<group>"; };
		F3281F5623CF02A0008498FC /* FBBlockStrongRelationDetector.m */ = {isa = PBXFileReference; fileEncoding = 4; lastKnownFileType = sourcecode.c.objc; path = FBBlockStrongRelationDetector.m; sourceTree = "<group>"; };
		F3281F5723CF02A0008498FC /* Circle-LICENSE */ = {isa = PBXFileReference; fileEncoding = 4; lastKnownFileType = text; path = "Circle-LICENSE"; sourceTree = "<group>"; };
		F3281F5823CF02A0008498FC /* FBBlockStrongRelationDetector.h */ = {isa = PBXFileReference; fileEncoding = 4; lastKnownFileType = sourcecode.c.h; path = FBBlockStrongRelationDetector.h; sourceTree = "<group>"; };
		F3281F5923CF02A0008498FC /* FBBlockStrongLayout.m */ = {isa = PBXFileReference; fileEncoding = 4; lastKnownFileType = sourcecode.c.objc; path = FBBlockStrongLayout.m; sourceTree = "<group>"; };
		F3281F5A23CF02A0008498FC /* FBBlockInterface.h */ = {isa = PBXFileReference; fileEncoding = 4; lastKnownFileType = sourcecode.c.h; path = FBBlockInterface.h; sourceTree = "<group>"; };
		F3281F5C23CF02A0008498FC /* FBClassStrongLayoutHelpers.h */ = {isa = PBXFileReference; fileEncoding = 4; lastKnownFileType = sourcecode.c.h; path = FBClassStrongLayoutHelpers.h; sourceTree = "<group>"; };
		F3281F5E23CF02A0008498FC /* Type.h */ = {isa = PBXFileReference; fileEncoding = 4; lastKnownFileType = sourcecode.c.h; path = Type.h; sourceTree = "<group>"; };
		F3281F5F23CF02A0008498FC /* Struct.mm */ = {isa = PBXFileReference; fileEncoding = 4; lastKnownFileType = sourcecode.cpp.objcpp; path = Struct.mm; sourceTree = "<group>"; };
		F3281F6023CF02A0008498FC /* FBStructEncodingParser.h */ = {isa = PBXFileReference; fileEncoding = 4; lastKnownFileType = sourcecode.c.h; path = FBStructEncodingParser.h; sourceTree = "<group>"; };
		F3281F6123CF02A0008498FC /* Struct.h */ = {isa = PBXFileReference; fileEncoding = 4; lastKnownFileType = sourcecode.c.h; path = Struct.h; sourceTree = "<group>"; };
		F3281F6223CF02A0008498FC /* FBStructEncodingParser.mm */ = {isa = PBXFileReference; fileEncoding = 4; lastKnownFileType = sourcecode.cpp.objcpp; path = FBStructEncodingParser.mm; sourceTree = "<group>"; };
		F3281F6323CF02A0008498FC /* BaseType.h */ = {isa = PBXFileReference; fileEncoding = 4; lastKnownFileType = sourcecode.c.h; path = BaseType.h; sourceTree = "<group>"; };
		F3281F6423CF02A0008498FC /* FBClassStrongLayout.mm */ = {isa = PBXFileReference; fileEncoding = 4; lastKnownFileType = sourcecode.cpp.objcpp; path = FBClassStrongLayout.mm; sourceTree = "<group>"; };
		F3281F6523CF02A0008498FC /* FBClassStrongLayout.h */ = {isa = PBXFileReference; fileEncoding = 4; lastKnownFileType = sourcecode.c.h; path = FBClassStrongLayout.h; sourceTree = "<group>"; };
		F3281F6623CF02A0008498FC /* FBClassStrongLayoutHelpers.m */ = {isa = PBXFileReference; fileEncoding = 4; lastKnownFileType = sourcecode.c.objc; path = FBClassStrongLayoutHelpers.m; sourceTree = "<group>"; };
		F3281F6823CF02A0008498FC /* FBObjectInStructReference.m */ = {isa = PBXFileReference; fileEncoding = 4; lastKnownFileType = sourcecode.c.objc; path = FBObjectInStructReference.m; sourceTree = "<group>"; };
		F3281F6923CF02A0008498FC /* FBIvarReference.h */ = {isa = PBXFileReference; fileEncoding = 4; lastKnownFileType = sourcecode.c.h; path = FBIvarReference.h; sourceTree = "<group>"; };
		F3281F6A23CF02A0008498FC /* FBObjectInStructReference.h */ = {isa = PBXFileReference; fileEncoding = 4; lastKnownFileType = sourcecode.c.h; path = FBObjectInStructReference.h; sourceTree = "<group>"; };
		F3281F6B23CF02A0008498FC /* FBObjectReference.h */ = {isa = PBXFileReference; fileEncoding = 4; lastKnownFileType = sourcecode.c.h; path = FBObjectReference.h; sourceTree = "<group>"; };
		F3281F6C23CF02A0008498FC /* FBIvarReference.m */ = {isa = PBXFileReference; fileEncoding = 4; lastKnownFileType = sourcecode.c.objc; path = FBIvarReference.m; sourceTree = "<group>"; };
		F3281F6E23CF02A0008498FC /* FBObjectiveCBlock.h */ = {isa = PBXFileReference; fileEncoding = 4; lastKnownFileType = sourcecode.c.h; path = FBObjectiveCBlock.h; sourceTree = "<group>"; };
		F3281F7023CF02A0008498FC /* FBObjectiveCNSCFTimer.h */ = {isa = PBXFileReference; fileEncoding = 4; lastKnownFileType = sourcecode.c.h; path = FBObjectiveCNSCFTimer.h; sourceTree = "<group>"; };
		F3281F7123CF02A0008498FC /* FBObjectiveCNSCFTimer.mm */ = {isa = PBXFileReference; fileEncoding = 4; lastKnownFileType = sourcecode.cpp.objcpp; path = FBObjectiveCNSCFTimer.mm; sourceTree = "<group>"; };
		F3281F7223CF02A0008498FC /* FBObjectGraphConfiguration.h */ = {isa = PBXFileReference; fileEncoding = 4; lastKnownFileType = sourcecode.c.h; path = FBObjectGraphConfiguration.h; sourceTree = "<group>"; };
		F3281F7323CF02A0008498FC /* FBObjectiveCObject.h */ = {isa = PBXFileReference; fileEncoding = 4; lastKnownFileType = sourcecode.c.h; path = FBObjectiveCObject.h; sourceTree = "<group>"; };
		F3281F7423CF02A0008498FC /* FBObjectiveCGraphElement.mm */ = {isa = PBXFileReference; fileEncoding = 4; lastKnownFileType = sourcecode.cpp.objcpp; path = FBObjectiveCGraphElement.mm; sourceTree = "<group>"; };
		F3281F7623CF02A0008498FC /* FBObjectiveCGraphElement+Internal.h */ = {isa = PBXFileReference; fileEncoding = 4; lastKnownFileType = sourcecode.c.h; path = "FBObjectiveCGraphElement+Internal.h"; sourceTree = "<group>"; };
		F3281F7723CF02A0008498FC /* FBObjectGraphConfiguration.m */ = {isa = PBXFileReference; fileEncoding = 4; lastKnownFileType = sourcecode.c.objc; path = FBObjectGraphConfiguration.m; sourceTree = "<group>"; };
		F3281F7823CF02A0008498FC /* FBObjectiveCBlock.m */ = {isa = PBXFileReference; fileEncoding = 4; lastKnownFileType = sourcecode.c.objc; path = FBObjectiveCBlock.m; sourceTree = "<group>"; };
		F3281F7923CF02A0008498FC /* FBObjectiveCObject.m */ = {isa = PBXFileReference; fileEncoding = 4; lastKnownFileType = sourcecode.c.objc; path = FBObjectiveCObject.m; sourceTree = "<group>"; };
		F3281F7A23CF02A0008498FC /* FBObjectiveCGraphElement.h */ = {isa = PBXFileReference; fileEncoding = 4; lastKnownFileType = sourcecode.c.h; path = FBObjectiveCGraphElement.h; sourceTree = "<group>"; };
		F3281F7B23CF02A0008498FC /* FBRetainCycleUtils.h */ = {isa = PBXFileReference; fileEncoding = 4; lastKnownFileType = sourcecode.c.h; path = FBRetainCycleUtils.h; sourceTree = "<group>"; };
		F3281F7D23CF02A0008498FC /* FBRetainCycleDetector.h */ = {isa = PBXFileReference; fileEncoding = 4; lastKnownFileType = sourcecode.c.h; path = FBRetainCycleDetector.h; sourceTree = "<group>"; };
		F3281F7E23CF02A0008498FC /* FBNodeEnumerator.mm */ = {isa = PBXFileReference; fileEncoding = 4; lastKnownFileType = sourcecode.cpp.objcpp; path = FBNodeEnumerator.mm; sourceTree = "<group>"; };
		F3281F7F23CF02A0008498FC /* FBNodeEnumerator.h */ = {isa = PBXFileReference; fileEncoding = 4; lastKnownFileType = sourcecode.c.h; path = FBNodeEnumerator.h; sourceTree = "<group>"; };
		F3281F8023CF02A0008498FC /* FBRetainCycleDetector.mm */ = {isa = PBXFileReference; fileEncoding = 4; lastKnownFileType = sourcecode.cpp.objcpp; path = FBRetainCycleDetector.mm; sourceTree = "<group>"; };
		F3281F8123CF02A0008498FC /* FBRetainCycleDetector+Internal.h */ = {isa = PBXFileReference; fileEncoding = 4; lastKnownFileType = sourcecode.c.h; path = "FBRetainCycleDetector+Internal.h"; sourceTree = "<group>"; };
		F3281F8223CF02A0008498FC /* FBRetainCycleUtils.m */ = {isa = PBXFileReference; fileEncoding = 4; lastKnownFileType = sourcecode.c.objc; path = FBRetainCycleUtils.m; sourceTree = "<group>"; };
		F3281FB123CF0432008498FC /* rcd_fishhook.c */ = {isa = PBXFileReference; fileEncoding = 4; lastKnownFileType = sourcecode.c.c; path = rcd_fishhook.c; sourceTree = "<group>"; };
		F3281FB223CF0432008498FC /* LICENSE */ = {isa = PBXFileReference; fileEncoding = 4; lastKnownFileType = text; path = LICENSE; sourceTree = "<group>"; };
		F3281FB323CF0432008498FC /* README.md */ = {isa = PBXFileReference; fileEncoding = 4; lastKnownFileType = net.daringfireball.markdown; path = README.md; sourceTree = "<group>"; };
		F3281FB423CF0432008498FC /* rcd_fishhook.h */ = {isa = PBXFileReference; fileEncoding = 4; lastKnownFileType = sourcecode.c.h; path = rcd_fishhook.h; sourceTree = "<group>"; };
		F336217523C7474B0055F7E3 /* YPItools.framework */ = {isa = PBXFileReference; explicitFileType = wrapper.framework; includeInIndex = 0; path = YPItools.framework; sourceTree = BUILT_PRODUCTS_DIR; };
		F336217823C7474B0055F7E3 /* YPItools.h */ = {isa = PBXFileReference; lastKnownFileType = sourcecode.c.h; path = YPItools.h; sourceTree = "<group>"; };
		F336217923C7474B0055F7E3 /* Info.plist */ = {isa = PBXFileReference; lastKnownFileType = text.plist.xml; path = Info.plist; sourceTree = "<group>"; };
		F336217E23C7474B0055F7E3 /* YPItoolsTests.xctest */ = {isa = PBXFileReference; explicitFileType = wrapper.cfbundle; includeInIndex = 0; path = YPItoolsTests.xctest; sourceTree = BUILT_PRODUCTS_DIR; };
		F336218323C7474B0055F7E3 /* YPItoolsTests.m */ = {isa = PBXFileReference; lastKnownFileType = sourcecode.c.objc; path = YPItoolsTests.m; sourceTree = "<group>"; };
		F336218523C7474B0055F7E3 /* Info.plist */ = {isa = PBXFileReference; lastKnownFileType = text.plist.xml; path = Info.plist; sourceTree = "<group>"; };
		F339703423C822050092295D /* Foundation.framework */ = {isa = PBXFileReference; lastKnownFileType = wrapper.framework; name = Foundation.framework; path = Platforms/MacOSX.platform/Developer/SDKs/MacOSX10.15.sdk/System/Library/Frameworks/Foundation.framework; sourceTree = DEVELOPER_DIR; };
/* End PBXFileReference section */

/* Begin PBXFrameworksBuildPhase section */
		F336217223C7474B0055F7E3 /* Frameworks */ = {
			isa = PBXFrameworksBuildPhase;
			buildActionMask = 2147483647;
			files = (
				F339703523C822050092295D /* Foundation.framework in Frameworks */,
			);
			runOnlyForDeploymentPostprocessing = 0;
		};
		F336217B23C7474B0055F7E3 /* Frameworks */ = {
			isa = PBXFrameworksBuildPhase;
			buildActionMask = 2147483647;
			files = (
				F336217F23C7474B0055F7E3 /* YPItools.framework in Frameworks */,
			);
			runOnlyForDeploymentPostprocessing = 0;
		};
/* End PBXFrameworksBuildPhase section */

/* Begin PBXGroup section */
		F3281F0923CEBF53008498FC /* network */ = {
			isa = PBXGroup;
			children = (
				F3281F0A23CEBF53008498FC /* YPReachability.h */,
				F3281F0B23CEBF53008498FC /* YPNetworkUtil.m */,
				F3281F0C23CEBF53008498FC /* YPNetworkSession.h */,
				F3281F0D23CEBF53008498FC /* YPNetworkEngine.m */,
				F3281F0E23CEBF53008498FC /* YPNetworkOperation.m */,
				F3281F0F23CEBF53008498FC /* YPReachability.m */,
				F3281F1023CEBF53008498FC /* YPNetworkOperation.h */,
				F3281F1123CEBF53008498FC /* YPNetworkEngine.h */,
				F3281F1223CEBF53008498FC /* YPNetworkSession.m */,
				F3281F1323CEBF53008498FC /* YPNetworkUtil.h */,
			);
			path = network;
			sourceTree = "<group>";
		};
		F3281F1E23CEC044008498FC /* formatUtils */ = {
			isa = PBXGroup;
			children = (
				F3281F1F23CEC08C008498FC /* YPJsonEngine.h */,
				F3281F2023CEC08C008498FC /* YPJsonEngine.m */,
				F3281F3223CEF997008498FC /* YPTypeFormatUtil.h */,
				F3281F3323CEF997008498FC /* YPTypeFormatUtil.m */,
				F3281F3723CEFBE8008498FC /* NSString+extension.h */,
				F3281F3623CEFBE8008498FC /* NSString+extension.m */,
			);
			path = formatUtils;
			sourceTree = "<group>";
		};
		F3281F2323CEC493008498FC /* common */ = {
			isa = PBXGroup;
			children = (
				F3281F2423CEC4BE008498FC /* YPDeviceInfoUtil.h */,
				F3281F2523CEC4BE008498FC /* YPDeviceInfoUtil.m */,
				F3281F2E23CEF7D5008498FC /* YPKeychainStoreUtil.h */,
				F3281F2F23CEF7D5008498FC /* YPKeychainStoreUtil.m */,
			);
			path = common;
			sourceTree = "<group>";
		};
		F3281F2823CEE9B3008498FC /* uiUtils */ = {
			isa = PBXGroup;
			children = (
				F3281F2923CEEB85008498FC /* YPUIHelper.h */,
				F3281F2A23CEEB85008498FC /* YPUIHelper.m */,
				F3281F3A23CEFCCE008498FC /* YPToast.h */,
				F3281F3B23CEFCCE008498FC /* YPToast.m */,
			);
			path = uiUtils;
			sourceTree = "<group>";
		};
		F3281F3F23CF023A008498FC /* AppFluecyMonitor */ = {
			isa = PBXGroup;
			children = (
				F3281F4023CF023A008498FC /* Backtrace */,
				F3281F4323CF023A008498FC /* LXDAppFluecyMonitor.h */,
				F3281F4423CF023A008498FC /* LXDAppFluecyMonitor.m */,
			);
			path = AppFluecyMonitor;
			sourceTree = "<group>";
		};
		F3281F4023CF023A008498FC /* Backtrace */ = {
			isa = PBXGroup;
			children = (
				F3281F4123CF023A008498FC /* LXDBacktraceLogger.m */,
				F3281F4223CF023A008498FC /* LXDBacktraceLogger.h */,
			);
			path = Backtrace;
			sourceTree = "<group>";
		};
		F3281F4923CF02A0008498FC /* FBRetainCycleDetector */ = {
			isa = PBXGroup;
			children = (
				F3281FB023CF0432008498FC /* rcd_fishhook */,
				F3281F4A23CF02A0008498FC /* Associations */,
				F3281F4F23CF02A0008498FC /* FBRetainCycleDetector-Info.plist */,
				F3281F5023CF02A0008498FC /* Filtering */,
				F3281F5323CF02A0008498FC /* Layout */,
				F3281F6D23CF02A0008498FC /* Graph */,
				F3281F7B23CF02A0008498FC /* FBRetainCycleUtils.h */,
				F3281F7C23CF02A0008498FC /* Detector */,
				F3281F8223CF02A0008498FC /* FBRetainCycleUtils.m */,
			);
			path = FBRetainCycleDetector;
			sourceTree = "<group>";
		};
		F3281F4A23CF02A0008498FC /* Associations */ = {
			isa = PBXGroup;
			children = (
				F3281F4B23CF02A0008498FC /* FBAssociationManager.h */,
				F3281F4C23CF02A0008498FC /* Internal */,
				F3281F4E23CF02A0008498FC /* FBAssociationManager.mm */,
			);
			path = Associations;
			sourceTree = "<group>";
		};
		F3281F4C23CF02A0008498FC /* Internal */ = {
			isa = PBXGroup;
			children = (
				F3281F4D23CF02A0008498FC /* FBAssociationManager+Internal.h */,
			);
			path = Internal;
			sourceTree = "<group>";
		};
		F3281F5023CF02A0008498FC /* Filtering */ = {
			isa = PBXGroup;
			children = (
				F3281F5123CF02A0008498FC /* FBStandardGraphEdgeFilters.mm */,
				F3281F5223CF02A0008498FC /* FBStandardGraphEdgeFilters.h */,
			);
			path = Filtering;
			sourceTree = "<group>";
		};
		F3281F5323CF02A0008498FC /* Layout */ = {
			isa = PBXGroup;
			children = (
				F3281F5423CF02A0008498FC /* Blocks */,
				F3281F5B23CF02A0008498FC /* Classes */,
			);
			path = Layout;
			sourceTree = "<group>";
		};
		F3281F5423CF02A0008498FC /* Blocks */ = {
			isa = PBXGroup;
			children = (
				F3281F5523CF02A0008498FC /* FBBlockStrongLayout.h */,
				F3281F5623CF02A0008498FC /* FBBlockStrongRelationDetector.m */,
				F3281F5723CF02A0008498FC /* Circle-LICENSE */,
				F3281F5823CF02A0008498FC /* FBBlockStrongRelationDetector.h */,
				F3281F5923CF02A0008498FC /* FBBlockStrongLayout.m */,
				F3281F5A23CF02A0008498FC /* FBBlockInterface.h */,
			);
			path = Blocks;
			sourceTree = "<group>";
		};
		F3281F5B23CF02A0008498FC /* Classes */ = {
			isa = PBXGroup;
			children = (
				F3281F5C23CF02A0008498FC /* FBClassStrongLayoutHelpers.h */,
				F3281F5D23CF02A0008498FC /* Parser */,
				F3281F6423CF02A0008498FC /* FBClassStrongLayout.mm */,
				F3281F6523CF02A0008498FC /* FBClassStrongLayout.h */,
				F3281F6623CF02A0008498FC /* FBClassStrongLayoutHelpers.m */,
				F3281F6723CF02A0008498FC /* Reference */,
			);
			path = Classes;
			sourceTree = "<group>";
		};
		F3281F5D23CF02A0008498FC /* Parser */ = {
			isa = PBXGroup;
			children = (
				F3281F5E23CF02A0008498FC /* Type.h */,
				F3281F5F23CF02A0008498FC /* Struct.mm */,
				F3281F6023CF02A0008498FC /* FBStructEncodingParser.h */,
				F3281F6123CF02A0008498FC /* Struct.h */,
				F3281F6223CF02A0008498FC /* FBStructEncodingParser.mm */,
				F3281F6323CF02A0008498FC /* BaseType.h */,
			);
			path = Parser;
			sourceTree = "<group>";
		};
		F3281F6723CF02A0008498FC /* Reference */ = {
			isa = PBXGroup;
			children = (
				F3281F6823CF02A0008498FC /* FBObjectInStructReference.m */,
				F3281F6923CF02A0008498FC /* FBIvarReference.h */,
				F3281F6A23CF02A0008498FC /* FBObjectInStructReference.h */,
				F3281F6B23CF02A0008498FC /* FBObjectReference.h */,
				F3281F6C23CF02A0008498FC /* FBIvarReference.m */,
			);
			path = Reference;
			sourceTree = "<group>";
		};
		F3281F6D23CF02A0008498FC /* Graph */ = {
			isa = PBXGroup;
			children = (
				F3281F6E23CF02A0008498FC /* FBObjectiveCBlock.h */,
				F3281F6F23CF02A0008498FC /* Specialization */,
				F3281F7223CF02A0008498FC /* FBObjectGraphConfiguration.h */,
				F3281F7323CF02A0008498FC /* FBObjectiveCObject.h */,
				F3281F7423CF02A0008498FC /* FBObjectiveCGraphElement.mm */,
				F3281F7523CF02A0008498FC /* Internal */,
				F3281F7723CF02A0008498FC /* FBObjectGraphConfiguration.m */,
				F3281F7823CF02A0008498FC /* FBObjectiveCBlock.m */,
				F3281F7923CF02A0008498FC /* FBObjectiveCObject.m */,
				F3281F7A23CF02A0008498FC /* FBObjectiveCGraphElement.h */,
			);
			path = Graph;
			sourceTree = "<group>";
		};
		F3281F6F23CF02A0008498FC /* Specialization */ = {
			isa = PBXGroup;
			children = (
				F3281F7023CF02A0008498FC /* FBObjectiveCNSCFTimer.h */,
				F3281F7123CF02A0008498FC /* FBObjectiveCNSCFTimer.mm */,
			);
			path = Specialization;
			sourceTree = "<group>";
		};
		F3281F7523CF02A0008498FC /* Internal */ = {
			isa = PBXGroup;
			children = (
				F3281F7623CF02A0008498FC /* FBObjectiveCGraphElement+Internal.h */,
			);
			path = Internal;
			sourceTree = "<group>";
		};
		F3281F7C23CF02A0008498FC /* Detector */ = {
			isa = PBXGroup;
			children = (
				F3281F7D23CF02A0008498FC /* FBRetainCycleDetector.h */,
				F3281F7E23CF02A0008498FC /* FBNodeEnumerator.mm */,
				F3281F7F23CF02A0008498FC /* FBNodeEnumerator.h */,
				F3281F8023CF02A0008498FC /* FBRetainCycleDetector.mm */,
				F3281F8123CF02A0008498FC /* FBRetainCycleDetector+Internal.h */,
			);
			path = Detector;
			sourceTree = "<group>";
		};
		F3281FB023CF0432008498FC /* rcd_fishhook */ = {
			isa = PBXGroup;
			children = (
				F3281FB123CF0432008498FC /* rcd_fishhook.c */,
				F3281FB223CF0432008498FC /* LICENSE */,
				F3281FB323CF0432008498FC /* README.md */,
				F3281FB423CF0432008498FC /* rcd_fishhook.h */,
			);
			path = rcd_fishhook;
			sourceTree = "<group>";
		};
		F336216B23C7474B0055F7E3 = {
			isa = PBXGroup;
			children = (
				F336217723C7474B0055F7E3 /* YPItools */,
				F336218223C7474B0055F7E3 /* YPItoolsTests */,
				F336217623C7474B0055F7E3 /* Products */,
				F339703323C822050092295D /* Frameworks */,
			);
			sourceTree = "<group>";
		};
		F336217623C7474B0055F7E3 /* Products */ = {
			isa = PBXGroup;
			children = (
				F336217523C7474B0055F7E3 /* YPItools.framework */,
				F336217E23C7474B0055F7E3 /* YPItoolsTests.xctest */,
			);
			name = Products;
			sourceTree = "<group>";
		};
		F336217723C7474B0055F7E3 /* YPItools */ = {
			isa = PBXGroup;
			children = (
				F339701823C815020092295D /* Utils */,
				F336217823C7474B0055F7E3 /* YPItools.h */,
				F336217923C7474B0055F7E3 /* Info.plist */,
			);
			path = YPItools;
			sourceTree = "<group>";
		};
		F336218223C7474B0055F7E3 /* YPItoolsTests */ = {
			isa = PBXGroup;
			children = (
				F336218323C7474B0055F7E3 /* YPItoolsTests.m */,
				F336218523C7474B0055F7E3 /* Info.plist */,
			);
			path = YPItoolsTests;
			sourceTree = "<group>";
		};
		F339701823C815020092295D /* Utils */ = {
			isa = PBXGroup;
			children = (
				F339701923C816BE0092295D /* developUtils */,
				F339701A23C816BE0092295D /* testUtils */,
			);
			path = Utils;
			sourceTree = "<group>";
		};
		F339701923C816BE0092295D /* developUtils */ = {
			isa = PBXGroup;
			children = (
				F3281F2823CEE9B3008498FC /* uiUtils */,
				F3281F2323CEC493008498FC /* common */,
				F3281F1E23CEC044008498FC /* formatUtils */,
				F3281F0923CEBF53008498FC /* network */,
			);
			path = developUtils;
			sourceTree = "<group>";
		};
		F339701A23C816BE0092295D /* testUtils */ = {
			isa = PBXGroup;
			children = (
				F3281F4923CF02A0008498FC /* FBRetainCycleDetector */,
				F3281F3F23CF023A008498FC /* AppFluecyMonitor */,
			);
			path = testUtils;
			sourceTree = "<group>";
		};
		F339703323C822050092295D /* Frameworks */ = {
			isa = PBXGroup;
			children = (
				F339703423C822050092295D /* Foundation.framework */,
			);
			name = Frameworks;
			sourceTree = "<group>";
		};
/* End PBXGroup section */

/* Begin PBXHeadersBuildPhase section */
		F336217023C7474B0055F7E3 /* Headers */ = {
			isa = PBXHeadersBuildPhase;
			buildActionMask = 2147483647;
			files = (
				F3281F4623CF023A008498FC /* LXDBacktraceLogger.h in Headers */,
				F3281F2123CEC08C008498FC /* YPJsonEngine.h in Headers */,
				F3281F9023CF02A0008498FC /* Type.h in Headers */,
				F3281F8423CF02A0008498FC /* FBAssociationManager+Internal.h in Headers */,
				F3281F1D23CEBF53008498FC /* YPNetworkUtil.h in Headers */,
				F3281F8F23CF02A0008498FC /* FBClassStrongLayoutHelpers.h in Headers */,
				F3281F3923CEFBE8008498FC /* NSString+extension.h in Headers */,
				F3281FA223CF02A0008498FC /* FBObjectiveCObject.h in Headers */,
				F3281F3C23CEFCCE008498FC /* YPToast.h in Headers */,
				F3281F9323CF02A0008498FC /* Struct.h in Headers */,
				F3281F9523CF02A0008498FC /* BaseType.h in Headers */,
				F3281F9B23CF02A0008498FC /* FBObjectInStructReference.h in Headers */,
				F3281F1623CEBF53008498FC /* YPNetworkSession.h in Headers */,
				F3281F2623CEC4BE008498FC /* YPDeviceInfoUtil.h in Headers */,
				F3281F9A23CF02A0008498FC /* FBIvarReference.h in Headers */,
				F3281F8923CF02A0008498FC /* FBBlockStrongLayout.h in Headers */,
				F3281F1B23CEBF53008498FC /* YPNetworkEngine.h in Headers */,
				F3281F1423CEBF53008498FC /* YPReachability.h in Headers */,
				F3281FA823CF02A0008498FC /* FBObjectiveCGraphElement.h in Headers */,
				F3281FAC23CF02A0008498FC /* FBNodeEnumerator.h in Headers */,
				F3281FA123CF02A0008498FC /* FBObjectGraphConfiguration.h in Headers */,
				F3281F3423CEF997008498FC /* YPTypeFormatUtil.h in Headers */,
				F3281F9E23CF02A0008498FC /* FBObjectiveCBlock.h in Headers */,
				F3281F9723CF02A0008498FC /* FBClassStrongLayout.h in Headers */,
				F3281FA423CF02A0008498FC /* FBObjectiveCGraphElement+Internal.h in Headers */,
				F3281F1A23CEBF53008498FC /* YPNetworkOperation.h in Headers */,
				F3281F9223CF02A0008498FC /* FBStructEncodingParser.h in Headers */,
				F3281FA923CF02A0008498FC /* FBRetainCycleUtils.h in Headers */,
				F3281F2B23CEEB85008498FC /* YPUIHelper.h in Headers */,
				F3281F8823CF02A0008498FC /* FBStandardGraphEdgeFilters.h in Headers */,
				F3281FAE23CF02A0008498FC /* FBRetainCycleDetector+Internal.h in Headers */,
				F3281F9C23CF02A0008498FC /* FBObjectReference.h in Headers */,
				F3281F8323CF02A0008498FC /* FBAssociationManager.h in Headers */,
				F336218623C7474B0055F7E3 /* YPItools.h in Headers */,
				F3281F8C23CF02A0008498FC /* FBBlockStrongRelationDetector.h in Headers */,
				F3281F4723CF023A008498FC /* LXDAppFluecyMonitor.h in Headers */,
				F3281FAA23CF02A0008498FC /* FBRetainCycleDetector.h in Headers */,
				F3281FB823CF0432008498FC /* rcd_fishhook.h in Headers */,
				F3281F3023CEF7D5008498FC /* YPKeychainStoreUtil.h in Headers */,
				F3281F9F23CF02A0008498FC /* FBObjectiveCNSCFTimer.h in Headers */,
				F3281F8E23CF02A0008498FC /* FBBlockInterface.h in Headers */,
			);
			runOnlyForDeploymentPostprocessing = 0;
		};
/* End PBXHeadersBuildPhase section */

/* Begin PBXNativeTarget section */
		F336217423C7474B0055F7E3 /* YPItools */ = {
			isa = PBXNativeTarget;
			buildConfigurationList = F336218923C7474B0055F7E3 /* Build configuration list for PBXNativeTarget "YPItools" */;
			buildPhases = (
				F336217023C7474B0055F7E3 /* Headers */,
				F336217123C7474B0055F7E3 /* Sources */,
				F336217223C7474B0055F7E3 /* Frameworks */,
				F336217323C7474B0055F7E3 /* Resources */,
			);
			buildRules = (
			);
			dependencies = (
			);
			name = YPItools;
			productName = YPItools;
			productReference = F336217523C7474B0055F7E3 /* YPItools.framework */;
			productType = "com.apple.product-type.framework";
		};
		F336217D23C7474B0055F7E3 /* YPItoolsTests */ = {
			isa = PBXNativeTarget;
			buildConfigurationList = F336218C23C7474B0055F7E3 /* Build configuration list for PBXNativeTarget "YPItoolsTests" */;
			buildPhases = (
				F336217A23C7474B0055F7E3 /* Sources */,
				F336217B23C7474B0055F7E3 /* Frameworks */,
				F336217C23C7474B0055F7E3 /* Resources */,
			);
			buildRules = (
			);
			dependencies = (
				F336218123C7474B0055F7E3 /* PBXTargetDependency */,
			);
			name = YPItoolsTests;
			productName = YPItoolsTests;
			productReference = F336217E23C7474B0055F7E3 /* YPItoolsTests.xctest */;
			productType = "com.apple.product-type.bundle.unit-test";
		};
/* End PBXNativeTarget section */

/* Begin PBXProject section */
		F336216C23C7474B0055F7E3 /* Project object */ = {
			isa = PBXProject;
			attributes = {
				LastUpgradeCheck = 1120;
				ORGANIZATIONNAME = qipeng_yuhao;
				TargetAttributes = {
					F336217423C7474B0055F7E3 = {
						CreatedOnToolsVersion = 11.2.1;
					};
					F336217D23C7474B0055F7E3 = {
						CreatedOnToolsVersion = 11.2.1;
					};
				};
			};
			buildConfigurationList = F336216F23C7474B0055F7E3 /* Build configuration list for PBXProject "YPItools" */;
			compatibilityVersion = "Xcode 9.3";
			developmentRegion = en;
			hasScannedForEncodings = 0;
			knownRegions = (
				en,
				Base,
			);
			mainGroup = F336216B23C7474B0055F7E3;
			productRefGroup = F336217623C7474B0055F7E3 /* Products */;
			projectDirPath = "";
			projectRoot = "";
			targets = (
				F336217423C7474B0055F7E3 /* YPItools */,
				F336217D23C7474B0055F7E3 /* YPItoolsTests */,
			);
		};
/* End PBXProject section */

/* Begin PBXResourcesBuildPhase section */
		F336217323C7474B0055F7E3 /* Resources */ = {
			isa = PBXResourcesBuildPhase;
			buildActionMask = 2147483647;
			files = (
				F3281FB623CF0432008498FC /* LICENSE in Resources */,
				F3281F8B23CF02A0008498FC /* Circle-LICENSE in Resources */,
				F3281FB723CF0432008498FC /* README.md in Resources */,
				F3281F8623CF02A0008498FC /* FBRetainCycleDetector-Info.plist in Resources */,
			);
			runOnlyForDeploymentPostprocessing = 0;
		};
		F336217C23C7474B0055F7E3 /* Resources */ = {
			isa = PBXResourcesBuildPhase;
			buildActionMask = 2147483647;
			files = (
			);
			runOnlyForDeploymentPostprocessing = 0;
		};
/* End PBXResourcesBuildPhase section */

/* Begin PBXSourcesBuildPhase section */
		F336217123C7474B0055F7E3 /* Sources */ = {
			isa = PBXSourcesBuildPhase;
			buildActionMask = 2147483647;
			files = (
				F3281F1523CEBF53008498FC /* YPNetworkUtil.m in Sources */,
				F3281FAB23CF02A0008498FC /* FBNodeEnumerator.mm in Sources */,
				F3281F4823CF023A008498FC /* LXDAppFluecyMonitor.m in Sources */,
				F3281F3523CEF997008498FC /* YPTypeFormatUtil.m in Sources */,
				F3281FA523CF02A0008498FC /* FBObjectGraphConfiguration.m in Sources */,
				F3281F1923CEBF53008498FC /* YPReachability.m in Sources */,
				F3281F8D23CF02A0008498FC /* FBBlockStrongLayout.m in Sources */,
				F3281F2223CEC08C008498FC /* YPJsonEngine.m in Sources */,
				F3281FAD23CF02A0008498FC /* FBRetainCycleDetector.mm in Sources */,
				F3281F2723CEC4BE008498FC /* YPDeviceInfoUtil.m in Sources */,
				F3281F3823CEFBE8008498FC /* NSString+extension.m in Sources */,
				F3281F9623CF02A0008498FC /* FBClassStrongLayout.mm in Sources */,
				F3281F1C23CEBF53008498FC /* YPNetworkSession.m in Sources */,
				F3281F1723CEBF53008498FC /* YPNetworkEngine.m in Sources */,
				F3281F4523CF023A008498FC /* LXDBacktraceLogger.m in Sources */,
				F3281F3D23CEFCCE008498FC /* YPToast.m in Sources */,
				F3281F9923CF02A0008498FC /* FBObjectInStructReference.m in Sources */,
				F3281F9823CF02A0008498FC /* FBClassStrongLayoutHelpers.m in Sources */,
				F3281FA023CF02A0008498FC /* FBObjectiveCNSCFTimer.mm in Sources */,
				F3281F3123CEF7D5008498FC /* YPKeychainStoreUtil.m in Sources */,
				F3281F2C23CEEB85008498FC /* YPUIHelper.m in Sources */,
				F3281F9423CF02A0008498FC /* FBStructEncodingParser.mm in Sources */,
				F3281FA723CF02A0008498FC /* FBObjectiveCObject.m in Sources */,
				F3281F9123CF02A0008498FC /* Struct.mm in Sources */,
				F3281F8523CF02A0008498FC /* FBAssociationManager.mm in Sources */,
				F3281F8723CF02A0008498FC /* FBStandardGraphEdgeFilters.mm in Sources */,
				F3281F9D23CF02A0008498FC /* FBIvarReference.m in Sources */,
				F3281FAF23CF02A0008498FC /* FBRetainCycleUtils.m in Sources */,
				F3281FA323CF02A0008498FC /* FBObjectiveCGraphElement.mm in Sources */,
				F3281F1823CEBF53008498FC /* YPNetworkOperation.m in Sources */,
				F3281F8A23CF02A0008498FC /* FBBlockStrongRelationDetector.m in Sources */,
				F3281FB523CF0432008498FC /* rcd_fishhook.c in Sources */,
				F3281FA623CF02A0008498FC /* FBObjectiveCBlock.m in Sources */,
			);
			runOnlyForDeploymentPostprocessing = 0;
		};
		F336217A23C7474B0055F7E3 /* Sources */ = {
			isa = PBXSourcesBuildPhase;
			buildActionMask = 2147483647;
			files = (
				F336218423C7474B0055F7E3 /* YPItoolsTests.m in Sources */,
			);
			runOnlyForDeploymentPostprocessing = 0;
		};
/* End PBXSourcesBuildPhase section */

/* Begin PBXTargetDependency section */
		F336218123C7474B0055F7E3 /* PBXTargetDependency */ = {
			isa = PBXTargetDependency;
			target = F336217423C7474B0055F7E3 /* YPItools */;
			targetProxy = F336218023C7474B0055F7E3 /* PBXContainerItemProxy */;
		};
/* End PBXTargetDependency section */

/* Begin XCBuildConfiguration section */
		F336218723C7474B0055F7E3 /* Debug */ = {
			isa = XCBuildConfiguration;
			buildSettings = {
				ALWAYS_SEARCH_USER_PATHS = NO;
				CLANG_ANALYZER_NONNULL = YES;
				CLANG_ANALYZER_NUMBER_OBJECT_CONVERSION = YES_AGGRESSIVE;
				CLANG_CXX_LANGUAGE_STANDARD = "gnu++14";
				CLANG_CXX_LIBRARY = "libc++";
				CLANG_ENABLE_MODULES = YES;
				CLANG_ENABLE_OBJC_ARC = YES;
				CLANG_ENABLE_OBJC_WEAK = YES;
				CLANG_WARN_BLOCK_CAPTURE_AUTORELEASING = YES;
				CLANG_WARN_BOOL_CONVERSION = YES;
				CLANG_WARN_COMMA = YES;
				CLANG_WARN_CONSTANT_CONVERSION = YES;
				CLANG_WARN_DEPRECATED_OBJC_IMPLEMENTATIONS = YES;
				CLANG_WARN_DIRECT_OBJC_ISA_USAGE = YES_ERROR;
				CLANG_WARN_DOCUMENTATION_COMMENTS = YES;
				CLANG_WARN_EMPTY_BODY = YES;
				CLANG_WARN_ENUM_CONVERSION = YES;
				CLANG_WARN_INFINITE_RECURSION = YES;
				CLANG_WARN_INT_CONVERSION = YES;
				CLANG_WARN_NON_LITERAL_NULL_CONVERSION = YES;
				CLANG_WARN_OBJC_IMPLICIT_RETAIN_SELF = YES;
				CLANG_WARN_OBJC_LITERAL_CONVERSION = YES;
				CLANG_WARN_OBJC_ROOT_CLASS = YES_ERROR;
				CLANG_WARN_RANGE_LOOP_ANALYSIS = YES;
				CLANG_WARN_STRICT_PROTOTYPES = YES;
				CLANG_WARN_SUSPICIOUS_MOVE = YES;
				CLANG_WARN_UNGUARDED_AVAILABILITY = YES_AGGRESSIVE;
				CLANG_WARN_UNREACHABLE_CODE = YES;
				CLANG_WARN__DUPLICATE_METHOD_MATCH = YES;
				COPY_PHASE_STRIP = NO;
				CURRENT_PROJECT_VERSION = 1;
				DEBUG_INFORMATION_FORMAT = dwarf;
				ENABLE_STRICT_OBJC_MSGSEND = YES;
				ENABLE_TESTABILITY = YES;
				GCC_C_LANGUAGE_STANDARD = gnu11;
				GCC_DYNAMIC_NO_PIC = NO;
				GCC_NO_COMMON_BLOCKS = YES;
				GCC_OPTIMIZATION_LEVEL = 0;
				GCC_PREPROCESSOR_DEFINITIONS = (
					"DEBUG=1",
					"$(inherited)",
				);
				GCC_WARN_64_TO_32_BIT_CONVERSION = YES;
				GCC_WARN_ABOUT_RETURN_TYPE = YES_ERROR;
				GCC_WARN_UNDECLARED_SELECTOR = YES;
				GCC_WARN_UNINITIALIZED_AUTOS = YES_AGGRESSIVE;
				GCC_WARN_UNUSED_FUNCTION = YES;
				GCC_WARN_UNUSED_VARIABLE = YES;
				IPHONEOS_DEPLOYMENT_TARGET = 13.2;
				MTL_ENABLE_DEBUG_INFO = INCLUDE_SOURCE;
				MTL_FAST_MATH = YES;
				ONLY_ACTIVE_ARCH = YES;
				SDKROOT = iphoneos;
				VERSIONING_SYSTEM = "apple-generic";
				VERSION_INFO_PREFIX = "";
			};
			name = Debug;
		};
		F336218823C7474B0055F7E3 /* Release */ = {
			isa = XCBuildConfiguration;
			buildSettings = {
				ALWAYS_SEARCH_USER_PATHS = NO;
				CLANG_ANALYZER_NONNULL = YES;
				CLANG_ANALYZER_NUMBER_OBJECT_CONVERSION = YES_AGGRESSIVE;
				CLANG_CXX_LANGUAGE_STANDARD = "gnu++14";
				CLANG_CXX_LIBRARY = "libc++";
				CLANG_ENABLE_MODULES = YES;
				CLANG_ENABLE_OBJC_ARC = YES;
				CLANG_ENABLE_OBJC_WEAK = YES;
				CLANG_WARN_BLOCK_CAPTURE_AUTORELEASING = YES;
				CLANG_WARN_BOOL_CONVERSION = YES;
				CLANG_WARN_COMMA = YES;
				CLANG_WARN_CONSTANT_CONVERSION = YES;
				CLANG_WARN_DEPRECATED_OBJC_IMPLEMENTATIONS = YES;
				CLANG_WARN_DIRECT_OBJC_ISA_USAGE = YES_ERROR;
				CLANG_WARN_DOCUMENTATION_COMMENTS = YES;
				CLANG_WARN_EMPTY_BODY = YES;
				CLANG_WARN_ENUM_CONVERSION = YES;
				CLANG_WARN_INFINITE_RECURSION = YES;
				CLANG_WARN_INT_CONVERSION = YES;
				CLANG_WARN_NON_LITERAL_NULL_CONVERSION = YES;
				CLANG_WARN_OBJC_IMPLICIT_RETAIN_SELF = YES;
				CLANG_WARN_OBJC_LITERAL_CONVERSION = YES;
				CLANG_WARN_OBJC_ROOT_CLASS = YES_ERROR;
				CLANG_WARN_RANGE_LOOP_ANALYSIS = YES;
				CLANG_WARN_STRICT_PROTOTYPES = YES;
				CLANG_WARN_SUSPICIOUS_MOVE = YES;
				CLANG_WARN_UNGUARDED_AVAILABILITY = YES_AGGRESSIVE;
				CLANG_WARN_UNREACHABLE_CODE = YES;
				CLANG_WARN__DUPLICATE_METHOD_MATCH = YES;
				COPY_PHASE_STRIP = NO;
				CURRENT_PROJECT_VERSION = 1;
				DEBUG_INFORMATION_FORMAT = "dwarf-with-dsym";
				ENABLE_NS_ASSERTIONS = NO;
				ENABLE_STRICT_OBJC_MSGSEND = YES;
				GCC_C_LANGUAGE_STANDARD = gnu11;
				GCC_NO_COMMON_BLOCKS = YES;
				GCC_WARN_64_TO_32_BIT_CONVERSION = YES;
				GCC_WARN_ABOUT_RETURN_TYPE = YES_ERROR;
				GCC_WARN_UNDECLARED_SELECTOR = YES;
				GCC_WARN_UNINITIALIZED_AUTOS = YES_AGGRESSIVE;
				GCC_WARN_UNUSED_FUNCTION = YES;
				GCC_WARN_UNUSED_VARIABLE = YES;
				IPHONEOS_DEPLOYMENT_TARGET = 13.2;
				MTL_ENABLE_DEBUG_INFO = NO;
				MTL_FAST_MATH = YES;
				SDKROOT = iphoneos;
				VALIDATE_PRODUCT = YES;
				VERSIONING_SYSTEM = "apple-generic";
				VERSION_INFO_PREFIX = "";
			};
			name = Release;
		};
		F336218A23C7474B0055F7E3 /* Debug */ = {
			isa = XCBuildConfiguration;
			buildSettings = {
				CODE_SIGN_STYLE = Automatic;
				DEFINES_MODULE = YES;
				DEVELOPMENT_TEAM = D9875AYV64;
				DYLIB_COMPATIBILITY_VERSION = 1;
				DYLIB_CURRENT_VERSION = 1;
				DYLIB_INSTALL_NAME_BASE = "@rpath";
				INFOPLIST_FILE = YPItools/Info.plist;
				INSTALL_PATH = "$(LOCAL_LIBRARY_DIR)/Frameworks";
				IPHONEOS_DEPLOYMENT_TARGET = 9.0;
				LD_RUNPATH_SEARCH_PATHS = (
					"$(inherited)",
					"@executable_path/Frameworks",
					"@loader_path/Frameworks",
				);
				MARKETING_VERSION = 1.0.0;
				PRODUCT_BUNDLE_IDENTIFIER = qipeng.YPItools;
				PRODUCT_NAME = "$(TARGET_NAME:c99extidentifier)";
				SKIP_INSTALL = YES;
				TARGETED_DEVICE_FAMILY = "1,2";
			};
			name = Debug;
		};
		F336218B23C7474B0055F7E3 /* Release */ = {
			isa = XCBuildConfiguration;
			buildSettings = {
				CODE_SIGN_STYLE = Automatic;
				DEFINES_MODULE = YES;
				DEVELOPMENT_TEAM = D9875AYV64;
				DYLIB_COMPATIBILITY_VERSION = 1;
				DYLIB_CURRENT_VERSION = 1;
				DYLIB_INSTALL_NAME_BASE = "@rpath";
				INFOPLIST_FILE = YPItools/Info.plist;
				INSTALL_PATH = "$(LOCAL_LIBRARY_DIR)/Frameworks";
				IPHONEOS_DEPLOYMENT_TARGET = 9.0;
				LD_RUNPATH_SEARCH_PATHS = (
					"$(inherited)",
					"@executable_path/Frameworks",
					"@loader_path/Frameworks",
				);
				MARKETING_VERSION = 1.0.0;
				PRODUCT_BUNDLE_IDENTIFIER = qipeng.YPItools;
				PRODUCT_NAME = "$(TARGET_NAME:c99extidentifier)";
				SKIP_INSTALL = YES;
				TARGETED_DEVICE_FAMILY = "1,2";
			};
			name = Release;
		};
		F336218D23C7474B0055F7E3 /* Debug */ = {
			isa = XCBuildConfiguration;
			buildSettings = {
				CODE_SIGN_STYLE = Automatic;
				DEVELOPMENT_TEAM = D9875AYV64;
				INFOPLIST_FILE = YPItoolsTests/Info.plist;
				LD_RUNPATH_SEARCH_PATHS = (
					"$(inherited)",
					"@executable_path/Frameworks",
					"@loader_path/Frameworks",
				);
				PRODUCT_BUNDLE_IDENTIFIER = qipeng.YPItoolsTests;
				PRODUCT_NAME = "$(TARGET_NAME)";
				TARGETED_DEVICE_FAMILY = "1,2";
			};
			name = Debug;
		};
		F336218E23C7474B0055F7E3 /* Release */ = {
			isa = XCBuildConfiguration;
			buildSettings = {
				CODE_SIGN_STYLE = Automatic;
				DEVELOPMENT_TEAM = D9875AYV64;
				INFOPLIST_FILE = YPItoolsTests/Info.plist;
				LD_RUNPATH_SEARCH_PATHS = (
					"$(inherited)",
					"@executable_path/Frameworks",
					"@loader_path/Frameworks",
				);
				PRODUCT_BUNDLE_IDENTIFIER = qipeng.YPItoolsTests;
				PRODUCT_NAME = "$(TARGET_NAME)";
				TARGETED_DEVICE_FAMILY = "1,2";
			};
			name = Release;
		};
/* End XCBuildConfiguration section */

/* Begin XCConfigurationList section */
		F336216F23C7474B0055F7E3 /* Build configuration list for PBXProject "YPItools" */ = {
			isa = XCConfigurationList;
			buildConfigurations = (
				F336218723C7474B0055F7E3 /* Debug */,
				F336218823C7474B0055F7E3 /* Release */,
			);
			defaultConfigurationIsVisible = 0;
			defaultConfigurationName = Release;
		};
		F336218923C7474B0055F7E3 /* Build configuration list for PBXNativeTarget "YPItools" */ = {
			isa = XCConfigurationList;
			buildConfigurations = (
				F336218A23C7474B0055F7E3 /* Debug */,
				F336218B23C7474B0055F7E3 /* Release */,
			);
			defaultConfigurationIsVisible = 0;
			defaultConfigurationName = Release;
		};
		F336218C23C7474B0055F7E3 /* Build configuration list for PBXNativeTarget "YPItoolsTests" */ = {
			isa = XCConfigurationList;
			buildConfigurations = (
				F336218D23C7474B0055F7E3 /* Debug */,
				F336218E23C7474B0055F7E3 /* Release */,
			);
			defaultConfigurationIsVisible = 0;
			defaultConfigurationName = Release;
		};
/* End XCConfigurationList section */
	};
	rootObject = F336216C23C7474B0055F7E3 /* Project object */;
}
